
Microsoft Visual Studio Solution File, Format Version 12.00
# Visual Studio 2013
VisualStudioVersion = 12.0.31101.0
MinimumVisualStudioVersion = 10.0.40219.1
Project("{2150E333-8FDC-42A3-9474-1A3956D46DE8}") = "Tests", "Tests", "{2725CEED-4CBD-4924-BD36-38E93209562B}"
EndProject
Project("{2150E333-8FDC-42A3-9474-1A3956D46DE8}") = "Core", "Core", "{F01C795A-76DA-4AE3-8CFC-C2450D2AC921}"
EndProject
Project("{2150E333-8FDC-42A3-9474-1A3956D46DE8}") = "Shared", "Shared", "{DF71B145-A0F9-410F-80DC-768B670CF6BF}"
	ProjectSection(SolutionItems) = preProject
		license.txt = license.txt
		README.md = README.md
		Settings.StyleCop = Settings.StyleCop
		SharedAssemblyInfo.cs = SharedAssemblyInfo.cs
	EndProjectSection
EndProject
Project("{2150E333-8FDC-42A3-9474-1A3956D46DE8}") = "Modules", "Modules", "{35580EFA-13E7-4F08-B5FB-ABBFA899B94C}"
EndProject
Project("{FAE04EC0-301F-11D3-BF4B-00C04F79EFBC}") = "BetterCms.Configuration", "BetterCMS.Configuration\BetterCms.Configuration.csproj", "{DA2B225E-6AEE-4465-8B08-4D5B1C1CED49}"
EndProject
Project("{2150E333-8FDC-42A3-9474-1A3956D46DE8}") = "Sandbox", "Sandbox", "{6721A380-251A-4D6F-BCCD-639A6842DFD9}"
EndProject
Project("{FAE04EC0-301F-11D3-BF4B-00C04F79EFBC}") = "BetterCms.Module.Blog", "Modules\BetterCMS.Module.Blog\BetterCms.Module.Blog.csproj", "{A66A3046-EF60-4C51-ADA7-EB055763419B}"
	ProjectSection(ProjectDependencies) = postProject
		{FC04D4C2-8688-498F-B546-292C7E3688A9} = {FC04D4C2-8688-498F-B546-292C7E3688A9}
		{66E7E4DF-EEEA-4B1E-8663-A1B430EB7375} = {66E7E4DF-EEEA-4B1E-8663-A1B430EB7375}
	EndProjectSection
EndProject
Project("{FAE04EC0-301F-11D3-BF4B-00C04F79EFBC}") = "BetterCms.Core", "BetterCMS.Core\BetterCms.Core.csproj", "{694CA5CA-A0E2-4578-A249-648498B058D7}"
EndProject
Project("{FAE04EC0-301F-11D3-BF4B-00C04F79EFBC}") = "BetterCms.Core.Tests", "Tests\BetterCMS.Core.Tests\BetterCms.Core.Tests.csproj", "{8357657B-6625-4EDF-B20A-40EFA92A50ED}"
EndProject
Project("{FAE04EC0-301F-11D3-BF4B-00C04F79EFBC}") = "BetterCms.Module.Root", "Modules\BetterCms.Module.Root\BetterCms.Module.Root.csproj", "{66E7E4DF-EEEA-4B1E-8663-A1B430EB7375}"
EndProject
Project("{FAE04EC0-301F-11D3-BF4B-00C04F79EFBC}") = "BetterCms.Module.Pages", "Modules\BetterCms.Module.Pages\BetterCms.Module.Pages.csproj", "{FC04D4C2-8688-498F-B546-292C7E3688A9}"
	ProjectSection(ProjectDependencies) = postProject
		{66E7E4DF-EEEA-4B1E-8663-A1B430EB7375} = {66E7E4DF-EEEA-4B1E-8663-A1B430EB7375}
	EndProjectSection
EndProject
Project("{FAE04EC0-301F-11D3-BF4B-00C04F79EFBC}") = "BetterCms.Module.Users", "Modules\BetterCms.Module.Users\BetterCms.Module.Users.csproj", "{C530025B-8AB7-402D-B60C-000C9A5D0446}"
EndProject
Project("{FAE04EC0-301F-11D3-BF4B-00C04F79EFBC}") = "BetterCms.Sandbox.DataMigration", "Sandbox\BetterCms.Sandbox.DataMigration\BetterCms.Sandbox.DataMigration.csproj", "{5D0111B2-677B-481C-8F05-C3B26065FEAB}"
	ProjectSection(ProjectDependencies) = postProject
		{17BF5CA2-23B6-4796-8EF1-CDDF6D41A4F7} = {17BF5CA2-23B6-4796-8EF1-CDDF6D41A4F7}
	EndProjectSection
EndProject
Project("{FAE04EC0-301F-11D3-BF4B-00C04F79EFBC}") = "BetterCms.Modules.Tests", "Tests\BetterCms.Modules.Tests\BetterCms.Modules.Tests.csproj", "{FDB66E62-C630-4055-B3FB-27DAF5B464BB}"
	ProjectSection(ProjectDependencies) = postProject
		{5255ABED-2111-497F-A94C-6AA89862D814} = {5255ABED-2111-497F-A94C-6AA89862D814}
	EndProjectSection
EndProject
Project("{FAE04EC0-301F-11D3-BF4B-00C04F79EFBC}") = "BetterCms.Module.AppFabricCache", "Modules\BetterCMS.Module.AppFabricCache\BetterCms.Module.AppFabricCache.csproj", "{573925F2-F15F-4CBE-8F13-7C67DA06DF0D}"
EndProject
Project("{FAE04EC0-301F-11D3-BF4B-00C04F79EFBC}") = "BetterCms.Module.AmazonS3Storage", "Modules\BetterCms.Module.AmazonS3Storage\BetterCms.Module.AmazonS3Storage.csproj", "{42698E7B-A9B1-4C23-8BB0-FC363A3F8B94}"
EndProject
Project("{FAE04EC0-301F-11D3-BF4B-00C04F79EFBC}") = "BetterCms.Module.MediaManager", "Modules\BetterCms.Module.MediaManager\BetterCms.Module.MediaManager.csproj", "{F3E41793-E8ED-4BA8-A1AB-CBA1E47B0786}"
EndProject
Project("{FAE04EC0-301F-11D3-BF4B-00C04F79EFBC}") = "BetterCms.Module.Installation", "Modules\BetterCms.Module.Installation\BetterCms.Module.Installation.csproj", "{17BF5CA2-23B6-4796-8EF1-CDDF6D41A4F7}"
EndProject
Project("{2150E333-8FDC-42A3-9474-1A3956D46DE8}") = "Build", "Build", "{01B2D036-F6B3-4796-B9C5-A2D3405987BF}"
EndProject
Project("{2150E333-8FDC-42A3-9474-1A3956D46DE8}") = "Release", "Release", "{65E5AB5A-A7E3-428D-A80D-F7D7DC0F9A54}"
	ProjectSection(SolutionItems) = preProject
		bettercms.nugetorg.ccnet = bettercms.nugetorg.ccnet
	EndProjectSection
EndProject
Project("{FAE04EC0-301F-11D3-BF4B-00C04F79EFBC}") = "BetterCms.NugetPackage", "Build\BetterCms.NugetPackage\BetterCms.NugetPackage.csproj", "{A5D7CC00-D8A7-4177-8432-86B10EEABAE8}"
	ProjectSection(ProjectDependencies) = postProject
		{5235602A-EE7C-45A3-8B41-0C8770303650} = {5235602A-EE7C-45A3-8B41-0C8770303650}
		{EEA18F38-F27D-4E23-BE8F-9458C9248340} = {EEA18F38-F27D-4E23-BE8F-9458C9248340}
		{A66A3046-EF60-4C51-ADA7-EB055763419B} = {A66A3046-EF60-4C51-ADA7-EB055763419B}
		{EC53AC56-C1A7-4752-8152-B4559827DD91} = {EC53AC56-C1A7-4752-8152-B4559827DD91}
		{B935DD58-18EC-4340-B236-F1DAE4509CC8} = {B935DD58-18EC-4340-B236-F1DAE4509CC8}
		{C530025B-8AB7-402D-B60C-000C9A5D0446} = {C530025B-8AB7-402D-B60C-000C9A5D0446}
		{DA2B225E-6AEE-4465-8B08-4D5B1C1CED49} = {DA2B225E-6AEE-4465-8B08-4D5B1C1CED49}
		{42698E7B-A9B1-4C23-8BB0-FC363A3F8B94} = {42698E7B-A9B1-4C23-8BB0-FC363A3F8B94}
		{F3E41793-E8ED-4BA8-A1AB-CBA1E47B0786} = {F3E41793-E8ED-4BA8-A1AB-CBA1E47B0786}
		{17BF5CA2-23B6-4796-8EF1-CDDF6D41A4F7} = {17BF5CA2-23B6-4796-8EF1-CDDF6D41A4F7}
		{8AF079AB-C376-41EA-BD26-2034A29B46E9} = {8AF079AB-C376-41EA-BD26-2034A29B46E9}
		{FC04D4C2-8688-498F-B546-292C7E3688A9} = {FC04D4C2-8688-498F-B546-292C7E3688A9}
		{694CA5CA-A0E2-4578-A249-648498B058D7} = {694CA5CA-A0E2-4578-A249-648498B058D7}
		{66E7E4DF-EEEA-4B1E-8663-A1B430EB7375} = {66E7E4DF-EEEA-4B1E-8663-A1B430EB7375}
		{5255ABED-2111-497F-A94C-6AA89862D814} = {5255ABED-2111-497F-A94C-6AA89862D814}
		{573925F2-F15F-4CBE-8F13-7C67DA06DF0D} = {573925F2-F15F-4CBE-8F13-7C67DA06DF0D}
	EndProjectSection
EndProject
Project("{FAE04EC0-301F-11D3-BF4B-00C04F79EFBC}") = "BetterCms.Module.WindowsAzureStorage", "Modules\BetterCms.Module.WindowsAzureStorage\BetterCms.Module.WindowsAzureStorage.csproj", "{6E8E91D9-AEB9-432F-9647-68FA2DEF2CA9}"
EndProject
Project("{FAE04EC0-301F-11D3-BF4B-00C04F79EFBC}") = "BetterCms.Module.Newsletter", "Modules\BetterCms.Module.Newsletter\BetterCms.Module.Newsletter.csproj", "{5235602A-EE7C-45A3-8B41-0C8770303650}"
EndProject
Project("{FAE04EC0-301F-11D3-BF4B-00C04F79EFBC}") = "BetterCms.Module.Api", "Modules\BetterCms.Module.Api\BetterCms.Module.Api.csproj", "{5FF9D100-CF25-4899-8D23-8EB9F0C0E102}"
EndProject
Project("{FAE04EC0-301F-11D3-BF4B-00C04F79EFBC}") = "BetterCms.Api.Tests", "Tests\BetterCms.Api.Tests\BetterCms.Api.Tests.csproj", "{B9AABCAE-6B15-42C7-8C2A-68CE0B67B4A3}"
EndProject
Project("{2150E333-8FDC-42A3-9474-1A3956D46DE8}") = "API", "API", "{1CC5CC96-5CF1-4220-8559-7E129D30C628}"
EndProject
Project("{FAE04EC0-301F-11D3-BF4B-00C04F79EFBC}") = "BetterCMS.Module.Api.Abstractions", "Modules\BetterCms.Module.Api.Abstractions\BetterCMS.Module.Api.Abstractions.csproj", "{073E257B-A6A0-42FC-9102-8E920BF54E50}"
EndProject
Project("{FAE04EC0-301F-11D3-BF4B-00C04F79EFBC}") = "BetterCms.Module.Api.Web", "Modules\BetterCms.Module.Api.Web\BetterCms.Module.Api.Web.csproj", "{D12C4811-066A-49EA-9AE7-5E64B128779F}"
EndProject
Project("{FAE04EC0-301F-11D3-BF4B-00C04F79EFBC}") = "BetterCms.Module.Users.Api", "Modules\BetterCms.Module.Users.Api\BetterCms.Module.Users.Api.csproj", "{FCC9127A-74D2-41B1-8DEE-0415DB7A6C76}"
EndProject
Project("{FAE04EC0-301F-11D3-BF4B-00C04F79EFBC}") = "BetterCms.Module.ImagesGallery", "Modules\BetterCms.Module.ImagesGallery\BetterCms.Module.ImagesGallery.csproj", "{0BB64452-9B66-403E-94C6-E66C6071D12B}"
EndProject
Project("{FAE04EC0-301F-11D3-BF4B-00C04F79EFBC}") = "BetterCms.Sandbox.Mvc4", "Sandbox\BetterCms.Sandbox.Mvc4\BetterCms.Sandbox.Mvc4.csproj", "{5ABF44DC-EE5E-4EDE-B1FF-E5FE65BA7CC1}"
	ProjectSection(ProjectDependencies) = postProject
		{EEA18F38-F27D-4E23-BE8F-9458C9248340} = {EEA18F38-F27D-4E23-BE8F-9458C9248340}
		{B935DD58-18EC-4340-B236-F1DAE4509CC8} = {B935DD58-18EC-4340-B236-F1DAE4509CC8}
		{8AF079AB-C376-41EA-BD26-2034A29B46E9} = {8AF079AB-C376-41EA-BD26-2034A29B46E9}
		{5255ABED-2111-497F-A94C-6AA89862D814} = {5255ABED-2111-497F-A94C-6AA89862D814}
	EndProjectSection
EndProject
Project("{FAE04EC0-301F-11D3-BF4B-00C04F79EFBC}") = "BetterCms.Module.GoogleSiteSearch", "Modules\BetterCMS.Module.GoogleSiteSearch\BetterCms.Module.GoogleSiteSearch.csproj", "{EC53AC56-C1A7-4752-8152-B4559827DD91}"
EndProject
Project("{2150E333-8FDC-42A3-9474-1A3956D46DE8}") = "Search", "Search", "{D3C4BD50-0A61-44FB-816D-8BF7B7451BC6}"
EndProject
Project("{FAE04EC0-301F-11D3-BF4B-00C04F79EFBC}") = "BetterCms.Module.LuceneSearch", "Modules\BetterCMS.Module.LuceneSearch\BetterCms.Module.LuceneSearch.csproj", "{5255ABED-2111-497F-A94C-6AA89862D814}"
	ProjectSection(ProjectDependencies) = postProject
		{B935DD58-18EC-4340-B236-F1DAE4509CC8} = {B935DD58-18EC-4340-B236-F1DAE4509CC8}
	EndProjectSection
EndProject
Project("{FAE04EC0-301F-11D3-BF4B-00C04F79EFBC}") = "BetterCms.Module.Search", "Modules\BetterCms.Module.Search\BetterCms.Module.Search.csproj", "{B935DD58-18EC-4340-B236-F1DAE4509CC8}"
EndProject
Project("{FAE04EC0-301F-11D3-BF4B-00C04F79EFBC}") = "BetterCms.Module.Search.Api", "Modules\BetterCMS.Module.Search.Api\BetterCms.Module.Search.Api.csproj", "{99A5E4E9-DE5A-4276-AC38-FF003F19BFE6}"
EndProject
Project("{FAE04EC0-301F-11D3-BF4B-00C04F79EFBC}") = "BetterCms.Module.GoogleAnalytics", "Modules\BetterCms.Module.GoogleAnalytics\BetterCms.Module.GoogleAnalytics.csproj", "{8AF079AB-C376-41EA-BD26-2034A29B46E9}"
EndProject
Project("{FAE04EC0-301F-11D3-BF4B-00C04F79EFBC}") = "BetterCms.Module.OpenGraphIntegration", "Modules\BetterCms.Module.OpenGraphIntegration\BetterCms.Module.OpenGraphIntegration.csproj", "{EEA18F38-F27D-4E23-BE8F-9458C9248340}"
EndProject
Project("{2150E333-8FDC-42A3-9474-1A3956D46DE8}") = "Optional", "Optional", "{21F2DFCA-E474-427F-BBE3-FDF1600EA4CE}"
EndProject
Global
	GlobalSection(SolutionConfigurationPlatforms) = preSolution
		Debug|Any CPU = Debug|Any CPU
		Dev|Any CPU = Dev|Any CPU
		Release|Any CPU = Release|Any CPU
		Staging|Any CPU = Staging|Any CPU
	EndGlobalSection
	GlobalSection(ProjectConfigurationPlatforms) = postSolution
		{DA2B225E-6AEE-4465-8B08-4D5B1C1CED49}.Debug|Any CPU.ActiveCfg = Debug|Any CPU
		{DA2B225E-6AEE-4465-8B08-4D5B1C1CED49}.Debug|Any CPU.Build.0 = Debug|Any CPU
		{DA2B225E-6AEE-4465-8B08-4D5B1C1CED49}.Debug|Any CPU.Deploy.0 = Debug|Any CPU
		{DA2B225E-6AEE-4465-8B08-4D5B1C1CED49}.Dev|Any CPU.ActiveCfg = Dev|Any CPU
		{DA2B225E-6AEE-4465-8B08-4D5B1C1CED49}.Dev|Any CPU.Build.0 = Dev|Any CPU
		{DA2B225E-6AEE-4465-8B08-4D5B1C1CED49}.Release|Any CPU.ActiveCfg = Release|Any CPU
		{DA2B225E-6AEE-4465-8B08-4D5B1C1CED49}.Release|Any CPU.Build.0 = Release|Any CPU
		{DA2B225E-6AEE-4465-8B08-4D5B1C1CED49}.Staging|Any CPU.ActiveCfg = Staging|Any CPU
		{DA2B225E-6AEE-4465-8B08-4D5B1C1CED49}.Staging|Any CPU.Build.0 = Staging|Any CPU
		{A66A3046-EF60-4C51-ADA7-EB055763419B}.Debug|Any CPU.ActiveCfg = Debug|Any CPU
		{A66A3046-EF60-4C51-ADA7-EB055763419B}.Debug|Any CPU.Build.0 = Debug|Any CPU
		{A66A3046-EF60-4C51-ADA7-EB055763419B}.Dev|Any CPU.ActiveCfg = Dev|Any CPU
		{A66A3046-EF60-4C51-ADA7-EB055763419B}.Dev|Any CPU.Build.0 = Dev|Any CPU
		{A66A3046-EF60-4C51-ADA7-EB055763419B}.Release|Any CPU.ActiveCfg = Release|Any CPU
		{A66A3046-EF60-4C51-ADA7-EB055763419B}.Release|Any CPU.Build.0 = Release|Any CPU
		{A66A3046-EF60-4C51-ADA7-EB055763419B}.Staging|Any CPU.ActiveCfg = Staging|Any CPU
		{A66A3046-EF60-4C51-ADA7-EB055763419B}.Staging|Any CPU.Build.0 = Staging|Any CPU
		{694CA5CA-A0E2-4578-A249-648498B058D7}.Debug|Any CPU.ActiveCfg = Debug|Any CPU
		{694CA5CA-A0E2-4578-A249-648498B058D7}.Debug|Any CPU.Build.0 = Debug|Any CPU
		{694CA5CA-A0E2-4578-A249-648498B058D7}.Dev|Any CPU.ActiveCfg = Dev|Any CPU
		{694CA5CA-A0E2-4578-A249-648498B058D7}.Dev|Any CPU.Build.0 = Dev|Any CPU
		{694CA5CA-A0E2-4578-A249-648498B058D7}.Release|Any CPU.ActiveCfg = Release|Any CPU
		{694CA5CA-A0E2-4578-A249-648498B058D7}.Release|Any CPU.Build.0 = Release|Any CPU
		{694CA5CA-A0E2-4578-A249-648498B058D7}.Staging|Any CPU.ActiveCfg = Staging|Any CPU
		{694CA5CA-A0E2-4578-A249-648498B058D7}.Staging|Any CPU.Build.0 = Staging|Any CPU
		{8357657B-6625-4EDF-B20A-40EFA92A50ED}.Debug|Any CPU.ActiveCfg = Debug|Any CPU
		{8357657B-6625-4EDF-B20A-40EFA92A50ED}.Debug|Any CPU.Build.0 = Debug|Any CPU
		{8357657B-6625-4EDF-B20A-40EFA92A50ED}.Dev|Any CPU.ActiveCfg = Dev|Any CPU
		{8357657B-6625-4EDF-B20A-40EFA92A50ED}.Dev|Any CPU.Build.0 = Dev|Any CPU
		{8357657B-6625-4EDF-B20A-40EFA92A50ED}.Release|Any CPU.ActiveCfg = Release|Any CPU
		{8357657B-6625-4EDF-B20A-40EFA92A50ED}.Release|Any CPU.Build.0 = Release|Any CPU
		{8357657B-6625-4EDF-B20A-40EFA92A50ED}.Staging|Any CPU.ActiveCfg = Staging|Any CPU
		{8357657B-6625-4EDF-B20A-40EFA92A50ED}.Staging|Any CPU.Build.0 = Staging|Any CPU
		{66E7E4DF-EEEA-4B1E-8663-A1B430EB7375}.Debug|Any CPU.ActiveCfg = Debug|Any CPU
		{66E7E4DF-EEEA-4B1E-8663-A1B430EB7375}.Debug|Any CPU.Build.0 = Debug|Any CPU
		{66E7E4DF-EEEA-4B1E-8663-A1B430EB7375}.Dev|Any CPU.ActiveCfg = Dev|Any CPU
		{66E7E4DF-EEEA-4B1E-8663-A1B430EB7375}.Dev|Any CPU.Build.0 = Dev|Any CPU
		{66E7E4DF-EEEA-4B1E-8663-A1B430EB7375}.Release|Any CPU.ActiveCfg = Release|Any CPU
		{66E7E4DF-EEEA-4B1E-8663-A1B430EB7375}.Release|Any CPU.Build.0 = Release|Any CPU
		{66E7E4DF-EEEA-4B1E-8663-A1B430EB7375}.Staging|Any CPU.ActiveCfg = Staging|Any CPU
		{66E7E4DF-EEEA-4B1E-8663-A1B430EB7375}.Staging|Any CPU.Build.0 = Staging|Any CPU
		{FC04D4C2-8688-498F-B546-292C7E3688A9}.Debug|Any CPU.ActiveCfg = Debug|Any CPU
		{FC04D4C2-8688-498F-B546-292C7E3688A9}.Debug|Any CPU.Build.0 = Debug|Any CPU
		{FC04D4C2-8688-498F-B546-292C7E3688A9}.Dev|Any CPU.ActiveCfg = Dev|Any CPU
		{FC04D4C2-8688-498F-B546-292C7E3688A9}.Dev|Any CPU.Build.0 = Dev|Any CPU
		{FC04D4C2-8688-498F-B546-292C7E3688A9}.Release|Any CPU.ActiveCfg = Release|Any CPU
		{FC04D4C2-8688-498F-B546-292C7E3688A9}.Release|Any CPU.Build.0 = Release|Any CPU
		{FC04D4C2-8688-498F-B546-292C7E3688A9}.Staging|Any CPU.ActiveCfg = Staging|Any CPU
		{FC04D4C2-8688-498F-B546-292C7E3688A9}.Staging|Any CPU.Build.0 = Staging|Any CPU
		{C530025B-8AB7-402D-B60C-000C9A5D0446}.Debug|Any CPU.ActiveCfg = Debug|Any CPU
		{C530025B-8AB7-402D-B60C-000C9A5D0446}.Debug|Any CPU.Build.0 = Debug|Any CPU
		{C530025B-8AB7-402D-B60C-000C9A5D0446}.Dev|Any CPU.ActiveCfg = Dev|Any CPU
		{C530025B-8AB7-402D-B60C-000C9A5D0446}.Dev|Any CPU.Build.0 = Dev|Any CPU
		{C530025B-8AB7-402D-B60C-000C9A5D0446}.Release|Any CPU.ActiveCfg = Release|Any CPU
		{C530025B-8AB7-402D-B60C-000C9A5D0446}.Release|Any CPU.Build.0 = Release|Any CPU
		{C530025B-8AB7-402D-B60C-000C9A5D0446}.Staging|Any CPU.ActiveCfg = Staging|Any CPU
		{C530025B-8AB7-402D-B60C-000C9A5D0446}.Staging|Any CPU.Build.0 = Staging|Any CPU
		{5D0111B2-677B-481C-8F05-C3B26065FEAB}.Debug|Any CPU.ActiveCfg = Debug|Any CPU
		{5D0111B2-677B-481C-8F05-C3B26065FEAB}.Debug|Any CPU.Build.0 = Debug|Any CPU
		{5D0111B2-677B-481C-8F05-C3B26065FEAB}.Dev|Any CPU.ActiveCfg = Dev|Any CPU
		{5D0111B2-677B-481C-8F05-C3B26065FEAB}.Dev|Any CPU.Build.0 = Dev|Any CPU
		{5D0111B2-677B-481C-8F05-C3B26065FEAB}.Release|Any CPU.ActiveCfg = Release|Any CPU
		{5D0111B2-677B-481C-8F05-C3B26065FEAB}.Release|Any CPU.Build.0 = Release|Any CPU
		{5D0111B2-677B-481C-8F05-C3B26065FEAB}.Staging|Any CPU.ActiveCfg = Staging|Any CPU
		{5D0111B2-677B-481C-8F05-C3B26065FEAB}.Staging|Any CPU.Build.0 = Staging|Any CPU
		{FDB66E62-C630-4055-B3FB-27DAF5B464BB}.Debug|Any CPU.ActiveCfg = Debug|Any CPU
		{FDB66E62-C630-4055-B3FB-27DAF5B464BB}.Debug|Any CPU.Build.0 = Debug|Any CPU
		{FDB66E62-C630-4055-B3FB-27DAF5B464BB}.Dev|Any CPU.ActiveCfg = Dev|Any CPU
		{FDB66E62-C630-4055-B3FB-27DAF5B464BB}.Dev|Any CPU.Build.0 = Dev|Any CPU
		{FDB66E62-C630-4055-B3FB-27DAF5B464BB}.Release|Any CPU.ActiveCfg = Release|Any CPU
		{FDB66E62-C630-4055-B3FB-27DAF5B464BB}.Release|Any CPU.Build.0 = Release|Any CPU
		{FDB66E62-C630-4055-B3FB-27DAF5B464BB}.Staging|Any CPU.ActiveCfg = Staging|Any CPU
		{FDB66E62-C630-4055-B3FB-27DAF5B464BB}.Staging|Any CPU.Build.0 = Staging|Any CPU
		{573925F2-F15F-4CBE-8F13-7C67DA06DF0D}.Debug|Any CPU.ActiveCfg = Debug|Any CPU
		{573925F2-F15F-4CBE-8F13-7C67DA06DF0D}.Debug|Any CPU.Build.0 = Debug|Any CPU
		{573925F2-F15F-4CBE-8F13-7C67DA06DF0D}.Dev|Any CPU.ActiveCfg = Dev|Any CPU
		{573925F2-F15F-4CBE-8F13-7C67DA06DF0D}.Dev|Any CPU.Build.0 = Dev|Any CPU
		{573925F2-F15F-4CBE-8F13-7C67DA06DF0D}.Release|Any CPU.ActiveCfg = Release|Any CPU
		{573925F2-F15F-4CBE-8F13-7C67DA06DF0D}.Release|Any CPU.Build.0 = Release|Any CPU
		{573925F2-F15F-4CBE-8F13-7C67DA06DF0D}.Staging|Any CPU.ActiveCfg = Staging|Any CPU
		{573925F2-F15F-4CBE-8F13-7C67DA06DF0D}.Staging|Any CPU.Build.0 = Staging|Any CPU
		{42698E7B-A9B1-4C23-8BB0-FC363A3F8B94}.Debug|Any CPU.ActiveCfg = Debug|Any CPU
		{42698E7B-A9B1-4C23-8BB0-FC363A3F8B94}.Debug|Any CPU.Build.0 = Debug|Any CPU
		{42698E7B-A9B1-4C23-8BB0-FC363A3F8B94}.Dev|Any CPU.ActiveCfg = Dev|Any CPU
		{42698E7B-A9B1-4C23-8BB0-FC363A3F8B94}.Dev|Any CPU.Build.0 = Dev|Any CPU
		{42698E7B-A9B1-4C23-8BB0-FC363A3F8B94}.Release|Any CPU.ActiveCfg = Release|Any CPU
		{42698E7B-A9B1-4C23-8BB0-FC363A3F8B94}.Release|Any CPU.Build.0 = Release|Any CPU
		{42698E7B-A9B1-4C23-8BB0-FC363A3F8B94}.Staging|Any CPU.ActiveCfg = Staging|Any CPU
		{42698E7B-A9B1-4C23-8BB0-FC363A3F8B94}.Staging|Any CPU.Build.0 = Staging|Any CPU
		{F3E41793-E8ED-4BA8-A1AB-CBA1E47B0786}.Debug|Any CPU.ActiveCfg = Debug|Any CPU
		{F3E41793-E8ED-4BA8-A1AB-CBA1E47B0786}.Debug|Any CPU.Build.0 = Debug|Any CPU
		{F3E41793-E8ED-4BA8-A1AB-CBA1E47B0786}.Dev|Any CPU.ActiveCfg = Dev|Any CPU
		{F3E41793-E8ED-4BA8-A1AB-CBA1E47B0786}.Dev|Any CPU.Build.0 = Dev|Any CPU
		{F3E41793-E8ED-4BA8-A1AB-CBA1E47B0786}.Release|Any CPU.ActiveCfg = Release|Any CPU
		{F3E41793-E8ED-4BA8-A1AB-CBA1E47B0786}.Release|Any CPU.Build.0 = Release|Any CPU
		{F3E41793-E8ED-4BA8-A1AB-CBA1E47B0786}.Staging|Any CPU.ActiveCfg = Staging|Any CPU
		{F3E41793-E8ED-4BA8-A1AB-CBA1E47B0786}.Staging|Any CPU.Build.0 = Staging|Any CPU
		{17BF5CA2-23B6-4796-8EF1-CDDF6D41A4F7}.Debug|Any CPU.ActiveCfg = Debug|Any CPU
		{17BF5CA2-23B6-4796-8EF1-CDDF6D41A4F7}.Debug|Any CPU.Build.0 = Debug|Any CPU
		{17BF5CA2-23B6-4796-8EF1-CDDF6D41A4F7}.Dev|Any CPU.ActiveCfg = Dev|Any CPU
		{17BF5CA2-23B6-4796-8EF1-CDDF6D41A4F7}.Dev|Any CPU.Build.0 = Dev|Any CPU
		{17BF5CA2-23B6-4796-8EF1-CDDF6D41A4F7}.Release|Any CPU.ActiveCfg = Release|Any CPU
		{17BF5CA2-23B6-4796-8EF1-CDDF6D41A4F7}.Release|Any CPU.Build.0 = Release|Any CPU
		{17BF5CA2-23B6-4796-8EF1-CDDF6D41A4F7}.Staging|Any CPU.ActiveCfg = Staging|Any CPU
		{17BF5CA2-23B6-4796-8EF1-CDDF6D41A4F7}.Staging|Any CPU.Build.0 = Staging|Any CPU
		{A5D7CC00-D8A7-4177-8432-86B10EEABAE8}.Debug|Any CPU.ActiveCfg = Debug|Any CPU
		{A5D7CC00-D8A7-4177-8432-86B10EEABAE8}.Debug|Any CPU.Build.0 = Debug|Any CPU
		{A5D7CC00-D8A7-4177-8432-86B10EEABAE8}.Dev|Any CPU.ActiveCfg = Debug|Any CPU
		{A5D7CC00-D8A7-4177-8432-86B10EEABAE8}.Dev|Any CPU.Build.0 = Debug|Any CPU
		{A5D7CC00-D8A7-4177-8432-86B10EEABAE8}.Release|Any CPU.ActiveCfg = Release|Any CPU
		{A5D7CC00-D8A7-4177-8432-86B10EEABAE8}.Release|Any CPU.Build.0 = Release|Any CPU
		{A5D7CC00-D8A7-4177-8432-86B10EEABAE8}.Staging|Any CPU.ActiveCfg = Release|Any CPU
		{A5D7CC00-D8A7-4177-8432-86B10EEABAE8}.Staging|Any CPU.Build.0 = Release|Any CPU
		{6E8E91D9-AEB9-432F-9647-68FA2DEF2CA9}.Debug|Any CPU.ActiveCfg = Debug|Any CPU
		{6E8E91D9-AEB9-432F-9647-68FA2DEF2CA9}.Debug|Any CPU.Build.0 = Debug|Any CPU
		{6E8E91D9-AEB9-432F-9647-68FA2DEF2CA9}.Dev|Any CPU.ActiveCfg = Dev|Any CPU
		{6E8E91D9-AEB9-432F-9647-68FA2DEF2CA9}.Dev|Any CPU.Build.0 = Dev|Any CPU
		{6E8E91D9-AEB9-432F-9647-68FA2DEF2CA9}.Release|Any CPU.ActiveCfg = Release|Any CPU
		{6E8E91D9-AEB9-432F-9647-68FA2DEF2CA9}.Release|Any CPU.Build.0 = Release|Any CPU
		{6E8E91D9-AEB9-432F-9647-68FA2DEF2CA9}.Staging|Any CPU.ActiveCfg = Staging|Any CPU
		{6E8E91D9-AEB9-432F-9647-68FA2DEF2CA9}.Staging|Any CPU.Build.0 = Staging|Any CPU
		{5235602A-EE7C-45A3-8B41-0C8770303650}.Debug|Any CPU.ActiveCfg = Debug|Any CPU
		{5235602A-EE7C-45A3-8B41-0C8770303650}.Debug|Any CPU.Build.0 = Debug|Any CPU
		{5235602A-EE7C-45A3-8B41-0C8770303650}.Dev|Any CPU.ActiveCfg = Dev|Any CPU
		{5235602A-EE7C-45A3-8B41-0C8770303650}.Dev|Any CPU.Build.0 = Dev|Any CPU
		{5235602A-EE7C-45A3-8B41-0C8770303650}.Release|Any CPU.ActiveCfg = Release|Any CPU
		{5235602A-EE7C-45A3-8B41-0C8770303650}.Release|Any CPU.Build.0 = Release|Any CPU
		{5235602A-EE7C-45A3-8B41-0C8770303650}.Staging|Any CPU.ActiveCfg = Staging|Any CPU
		{5235602A-EE7C-45A3-8B41-0C8770303650}.Staging|Any CPU.Build.0 = Staging|Any CPU
		{5FF9D100-CF25-4899-8D23-8EB9F0C0E102}.Debug|Any CPU.ActiveCfg = Debug|Any CPU
		{5FF9D100-CF25-4899-8D23-8EB9F0C0E102}.Debug|Any CPU.Build.0 = Debug|Any CPU
		{5FF9D100-CF25-4899-8D23-8EB9F0C0E102}.Dev|Any CPU.ActiveCfg = Dev|Any CPU
		{5FF9D100-CF25-4899-8D23-8EB9F0C0E102}.Dev|Any CPU.Build.0 = Dev|Any CPU
		{5FF9D100-CF25-4899-8D23-8EB9F0C0E102}.Release|Any CPU.ActiveCfg = Release|Any CPU
		{5FF9D100-CF25-4899-8D23-8EB9F0C0E102}.Release|Any CPU.Build.0 = Release|Any CPU
		{5FF9D100-CF25-4899-8D23-8EB9F0C0E102}.Staging|Any CPU.ActiveCfg = Staging|Any CPU
		{5FF9D100-CF25-4899-8D23-8EB9F0C0E102}.Staging|Any CPU.Build.0 = Staging|Any CPU
		{B9AABCAE-6B15-42C7-8C2A-68CE0B67B4A3}.Debug|Any CPU.ActiveCfg = Debug|Any CPU
		{B9AABCAE-6B15-42C7-8C2A-68CE0B67B4A3}.Debug|Any CPU.Build.0 = Debug|Any CPU
		{B9AABCAE-6B15-42C7-8C2A-68CE0B67B4A3}.Dev|Any CPU.ActiveCfg = Debug|Any CPU
		{B9AABCAE-6B15-42C7-8C2A-68CE0B67B4A3}.Dev|Any CPU.Build.0 = Debug|Any CPU
		{B9AABCAE-6B15-42C7-8C2A-68CE0B67B4A3}.Release|Any CPU.ActiveCfg = Release|Any CPU
		{B9AABCAE-6B15-42C7-8C2A-68CE0B67B4A3}.Release|Any CPU.Build.0 = Release|Any CPU
		{B9AABCAE-6B15-42C7-8C2A-68CE0B67B4A3}.Staging|Any CPU.ActiveCfg = Release|Any CPU
		{B9AABCAE-6B15-42C7-8C2A-68CE0B67B4A3}.Staging|Any CPU.Build.0 = Release|Any CPU
		{073E257B-A6A0-42FC-9102-8E920BF54E50}.Debug|Any CPU.ActiveCfg = Debug|Any CPU
		{073E257B-A6A0-42FC-9102-8E920BF54E50}.Debug|Any CPU.Build.0 = Debug|Any CPU
		{073E257B-A6A0-42FC-9102-8E920BF54E50}.Dev|Any CPU.ActiveCfg = Debug|Any CPU
		{073E257B-A6A0-42FC-9102-8E920BF54E50}.Dev|Any CPU.Build.0 = Debug|Any CPU
		{073E257B-A6A0-42FC-9102-8E920BF54E50}.Release|Any CPU.ActiveCfg = Release|Any CPU
		{073E257B-A6A0-42FC-9102-8E920BF54E50}.Release|Any CPU.Build.0 = Release|Any CPU
		{073E257B-A6A0-42FC-9102-8E920BF54E50}.Staging|Any CPU.ActiveCfg = Release|Any CPU
		{073E257B-A6A0-42FC-9102-8E920BF54E50}.Staging|Any CPU.Build.0 = Release|Any CPU
		{D12C4811-066A-49EA-9AE7-5E64B128779F}.Debug|Any CPU.ActiveCfg = Debug|Any CPU
		{D12C4811-066A-49EA-9AE7-5E64B128779F}.Debug|Any CPU.Build.0 = Debug|Any CPU
		{D12C4811-066A-49EA-9AE7-5E64B128779F}.Dev|Any CPU.ActiveCfg = Dev|Any CPU
		{D12C4811-066A-49EA-9AE7-5E64B128779F}.Dev|Any CPU.Build.0 = Dev|Any CPU
		{D12C4811-066A-49EA-9AE7-5E64B128779F}.Release|Any CPU.ActiveCfg = Release|Any CPU
		{D12C4811-066A-49EA-9AE7-5E64B128779F}.Release|Any CPU.Build.0 = Release|Any CPU
		{D12C4811-066A-49EA-9AE7-5E64B128779F}.Staging|Any CPU.ActiveCfg = Staging|Any CPU
		{D12C4811-066A-49EA-9AE7-5E64B128779F}.Staging|Any CPU.Build.0 = Staging|Any CPU
		{FCC9127A-74D2-41B1-8DEE-0415DB7A6C76}.Debug|Any CPU.ActiveCfg = Debug|Any CPU
		{FCC9127A-74D2-41B1-8DEE-0415DB7A6C76}.Debug|Any CPU.Build.0 = Debug|Any CPU
		{FCC9127A-74D2-41B1-8DEE-0415DB7A6C76}.Dev|Any CPU.ActiveCfg = Dev|Any CPU
		{FCC9127A-74D2-41B1-8DEE-0415DB7A6C76}.Dev|Any CPU.Build.0 = Dev|Any CPU
		{FCC9127A-74D2-41B1-8DEE-0415DB7A6C76}.Release|Any CPU.ActiveCfg = Release|Any CPU
		{FCC9127A-74D2-41B1-8DEE-0415DB7A6C76}.Release|Any CPU.Build.0 = Release|Any CPU
		{FCC9127A-74D2-41B1-8DEE-0415DB7A6C76}.Staging|Any CPU.ActiveCfg = Staging|Any CPU
		{FCC9127A-74D2-41B1-8DEE-0415DB7A6C76}.Staging|Any CPU.Build.0 = Staging|Any CPU
		{0BB64452-9B66-403E-94C6-E66C6071D12B}.Debug|Any CPU.ActiveCfg = Debug|Any CPU
		{0BB64452-9B66-403E-94C6-E66C6071D12B}.Debug|Any CPU.Build.0 = Debug|Any CPU
		{0BB64452-9B66-403E-94C6-E66C6071D12B}.Dev|Any CPU.ActiveCfg = Dev|Any CPU
		{0BB64452-9B66-403E-94C6-E66C6071D12B}.Dev|Any CPU.Build.0 = Dev|Any CPU
		{0BB64452-9B66-403E-94C6-E66C6071D12B}.Release|Any CPU.ActiveCfg = Release|Any CPU
		{0BB64452-9B66-403E-94C6-E66C6071D12B}.Release|Any CPU.Build.0 = Release|Any CPU
		{0BB64452-9B66-403E-94C6-E66C6071D12B}.Staging|Any CPU.ActiveCfg = Staging|Any CPU
		{0BB64452-9B66-403E-94C6-E66C6071D12B}.Staging|Any CPU.Build.0 = Staging|Any CPU
		{5ABF44DC-EE5E-4EDE-B1FF-E5FE65BA7CC1}.Debug|Any CPU.ActiveCfg = Debug|Any CPU
		{5ABF44DC-EE5E-4EDE-B1FF-E5FE65BA7CC1}.Debug|Any CPU.Build.0 = Debug|Any CPU
		{5ABF44DC-EE5E-4EDE-B1FF-E5FE65BA7CC1}.Dev|Any CPU.ActiveCfg = Dev|Any CPU
		{5ABF44DC-EE5E-4EDE-B1FF-E5FE65BA7CC1}.Dev|Any CPU.Build.0 = Dev|Any CPU
		{5ABF44DC-EE5E-4EDE-B1FF-E5FE65BA7CC1}.Release|Any CPU.ActiveCfg = Release|Any CPU
		{5ABF44DC-EE5E-4EDE-B1FF-E5FE65BA7CC1}.Release|Any CPU.Build.0 = Release|Any CPU
		{5ABF44DC-EE5E-4EDE-B1FF-E5FE65BA7CC1}.Staging|Any CPU.ActiveCfg = Staging|Any CPU
		{5ABF44DC-EE5E-4EDE-B1FF-E5FE65BA7CC1}.Staging|Any CPU.Build.0 = Staging|Any CPU
		{EC53AC56-C1A7-4752-8152-B4559827DD91}.Debug|Any CPU.ActiveCfg = Debug|Any CPU
		{EC53AC56-C1A7-4752-8152-B4559827DD91}.Debug|Any CPU.Build.0 = Debug|Any CPU
		{EC53AC56-C1A7-4752-8152-B4559827DD91}.Dev|Any CPU.ActiveCfg = Debug|Any CPU
		{EC53AC56-C1A7-4752-8152-B4559827DD91}.Dev|Any CPU.Build.0 = Debug|Any CPU
		{EC53AC56-C1A7-4752-8152-B4559827DD91}.Release|Any CPU.ActiveCfg = Release|Any CPU
		{EC53AC56-C1A7-4752-8152-B4559827DD91}.Release|Any CPU.Build.0 = Release|Any CPU
		{EC53AC56-C1A7-4752-8152-B4559827DD91}.Staging|Any CPU.ActiveCfg = Release|Any CPU
		{EC53AC56-C1A7-4752-8152-B4559827DD91}.Staging|Any CPU.Build.0 = Release|Any CPU
		{5255ABED-2111-497F-A94C-6AA89862D814}.Debug|Any CPU.ActiveCfg = Debug|Any CPU
		{5255ABED-2111-497F-A94C-6AA89862D814}.Debug|Any CPU.Build.0 = Debug|Any CPU
		{5255ABED-2111-497F-A94C-6AA89862D814}.Dev|Any CPU.ActiveCfg = Debug|Any CPU
		{5255ABED-2111-497F-A94C-6AA89862D814}.Dev|Any CPU.Build.0 = Debug|Any CPU
		{5255ABED-2111-497F-A94C-6AA89862D814}.Release|Any CPU.ActiveCfg = Release|Any CPU
		{5255ABED-2111-497F-A94C-6AA89862D814}.Release|Any CPU.Build.0 = Release|Any CPU
		{5255ABED-2111-497F-A94C-6AA89862D814}.Staging|Any CPU.ActiveCfg = Release|Any CPU
		{5255ABED-2111-497F-A94C-6AA89862D814}.Staging|Any CPU.Build.0 = Release|Any CPU
		{B935DD58-18EC-4340-B236-F1DAE4509CC8}.Debug|Any CPU.ActiveCfg = Debug|Any CPU
		{B935DD58-18EC-4340-B236-F1DAE4509CC8}.Debug|Any CPU.Build.0 = Debug|Any CPU
		{B935DD58-18EC-4340-B236-F1DAE4509CC8}.Dev|Any CPU.ActiveCfg = Dev|Any CPU
		{B935DD58-18EC-4340-B236-F1DAE4509CC8}.Dev|Any CPU.Build.0 = Dev|Any CPU
		{B935DD58-18EC-4340-B236-F1DAE4509CC8}.Release|Any CPU.ActiveCfg = Release|Any CPU
		{B935DD58-18EC-4340-B236-F1DAE4509CC8}.Release|Any CPU.Build.0 = Release|Any CPU
		{B935DD58-18EC-4340-B236-F1DAE4509CC8}.Staging|Any CPU.ActiveCfg = Staging|Any CPU
		{B935DD58-18EC-4340-B236-F1DAE4509CC8}.Staging|Any CPU.Build.0 = Staging|Any CPU
		{99A5E4E9-DE5A-4276-AC38-FF003F19BFE6}.Debug|Any CPU.ActiveCfg = Debug|Any CPU
		{99A5E4E9-DE5A-4276-AC38-FF003F19BFE6}.Debug|Any CPU.Build.0 = Debug|Any CPU
		{99A5E4E9-DE5A-4276-AC38-FF003F19BFE6}.Dev|Any CPU.ActiveCfg = Debug|Any CPU
		{99A5E4E9-DE5A-4276-AC38-FF003F19BFE6}.Dev|Any CPU.Build.0 = Debug|Any CPU
		{99A5E4E9-DE5A-4276-AC38-FF003F19BFE6}.Release|Any CPU.ActiveCfg = Release|Any CPU
		{99A5E4E9-DE5A-4276-AC38-FF003F19BFE6}.Release|Any CPU.Build.0 = Release|Any CPU
		{99A5E4E9-DE5A-4276-AC38-FF003F19BFE6}.Staging|Any CPU.ActiveCfg = Release|Any CPU
		{99A5E4E9-DE5A-4276-AC38-FF003F19BFE6}.Staging|Any CPU.Build.0 = Release|Any CPU
		{8AF079AB-C376-41EA-BD26-2034A29B46E9}.Debug|Any CPU.ActiveCfg = Debug|Any CPU
		{8AF079AB-C376-41EA-BD26-2034A29B46E9}.Debug|Any CPU.Build.0 = Debug|Any CPU
		{8AF079AB-C376-41EA-BD26-2034A29B46E9}.Dev|Any CPU.ActiveCfg = Debug|Any CPU
		{8AF079AB-C376-41EA-BD26-2034A29B46E9}.Dev|Any CPU.Build.0 = Debug|Any CPU
		{8AF079AB-C376-41EA-BD26-2034A29B46E9}.Release|Any CPU.ActiveCfg = Release|Any CPU
		{8AF079AB-C376-41EA-BD26-2034A29B46E9}.Release|Any CPU.Build.0 = Release|Any CPU
		{8AF079AB-C376-41EA-BD26-2034A29B46E9}.Staging|Any CPU.ActiveCfg = Release|Any CPU
		{8AF079AB-C376-41EA-BD26-2034A29B46E9}.Staging|Any CPU.Build.0 = Release|Any CPU
		{EEA18F38-F27D-4E23-BE8F-9458C9248340}.Debug|Any CPU.ActiveCfg = Debug|Any CPU
		{EEA18F38-F27D-4E23-BE8F-9458C9248340}.Debug|Any CPU.Build.0 = Debug|Any CPU
		{EEA18F38-F27D-4E23-BE8F-9458C9248340}.Dev|Any CPU.ActiveCfg = Debug|Any CPU
		{EEA18F38-F27D-4E23-BE8F-9458C9248340}.Dev|Any CPU.Build.0 = Debug|Any CPU
		{EEA18F38-F27D-4E23-BE8F-9458C9248340}.Release|Any CPU.ActiveCfg = Release|Any CPU
		{EEA18F38-F27D-4E23-BE8F-9458C9248340}.Release|Any CPU.Build.0 = Release|Any CPU
		{EEA18F38-F27D-4E23-BE8F-9458C9248340}.Staging|Any CPU.ActiveCfg = Release|Any CPU
		{EEA18F38-F27D-4E23-BE8F-9458C9248340}.Staging|Any CPU.Build.0 = Release|Any CPU
	EndGlobalSection
	GlobalSection(SolutionProperties) = preSolution
		HideSolutionNode = FALSE
	EndGlobalSection
	GlobalSection(NestedProjects) = preSolution
		{DA2B225E-6AEE-4465-8B08-4D5B1C1CED49} = {F01C795A-76DA-4AE3-8CFC-C2450D2AC921}
		{A66A3046-EF60-4C51-ADA7-EB055763419B} = {35580EFA-13E7-4F08-B5FB-ABBFA899B94C}
		{694CA5CA-A0E2-4578-A249-648498B058D7} = {F01C795A-76DA-4AE3-8CFC-C2450D2AC921}
		{8357657B-6625-4EDF-B20A-40EFA92A50ED} = {2725CEED-4CBD-4924-BD36-38E93209562B}
		{66E7E4DF-EEEA-4B1E-8663-A1B430EB7375} = {35580EFA-13E7-4F08-B5FB-ABBFA899B94C}
		{FC04D4C2-8688-498F-B546-292C7E3688A9} = {35580EFA-13E7-4F08-B5FB-ABBFA899B94C}
		{C530025B-8AB7-402D-B60C-000C9A5D0446} = {35580EFA-13E7-4F08-B5FB-ABBFA899B94C}
		{5D0111B2-677B-481C-8F05-C3B26065FEAB} = {6721A380-251A-4D6F-BCCD-639A6842DFD9}
		{FDB66E62-C630-4055-B3FB-27DAF5B464BB} = {2725CEED-4CBD-4924-BD36-38E93209562B}
		{573925F2-F15F-4CBE-8F13-7C67DA06DF0D} = {21F2DFCA-E474-427F-BBE3-FDF1600EA4CE}
		{42698E7B-A9B1-4C23-8BB0-FC363A3F8B94} = {21F2DFCA-E474-427F-BBE3-FDF1600EA4CE}
		{F3E41793-E8ED-4BA8-A1AB-CBA1E47B0786} = {35580EFA-13E7-4F08-B5FB-ABBFA899B94C}
		{17BF5CA2-23B6-4796-8EF1-CDDF6D41A4F7} = {35580EFA-13E7-4F08-B5FB-ABBFA899B94C}
		{A5D7CC00-D8A7-4177-8432-86B10EEABAE8} = {01B2D036-F6B3-4796-B9C5-A2D3405987BF}
		{6E8E91D9-AEB9-432F-9647-68FA2DEF2CA9} = {21F2DFCA-E474-427F-BBE3-FDF1600EA4CE}
		{5235602A-EE7C-45A3-8B41-0C8770303650} = {21F2DFCA-E474-427F-BBE3-FDF1600EA4CE}
		{5FF9D100-CF25-4899-8D23-8EB9F0C0E102} = {1CC5CC96-5CF1-4220-8559-7E129D30C628}
		{B9AABCAE-6B15-42C7-8C2A-68CE0B67B4A3} = {2725CEED-4CBD-4924-BD36-38E93209562B}
		{1CC5CC96-5CF1-4220-8559-7E129D30C628} = {35580EFA-13E7-4F08-B5FB-ABBFA899B94C}
		{073E257B-A6A0-42FC-9102-8E920BF54E50} = {1CC5CC96-5CF1-4220-8559-7E129D30C628}
		{D12C4811-066A-49EA-9AE7-5E64B128779F} = {1CC5CC96-5CF1-4220-8559-7E129D30C628}
		{FCC9127A-74D2-41B1-8DEE-0415DB7A6C76} = {1CC5CC96-5CF1-4220-8559-7E129D30C628}
		{0BB64452-9B66-403E-94C6-E66C6071D12B} = {21F2DFCA-E474-427F-BBE3-FDF1600EA4CE}
		{5ABF44DC-EE5E-4EDE-B1FF-E5FE65BA7CC1} = {6721A380-251A-4D6F-BCCD-639A6842DFD9}
		{EC53AC56-C1A7-4752-8152-B4559827DD91} = {D3C4BD50-0A61-44FB-816D-8BF7B7451BC6}
		{D3C4BD50-0A61-44FB-816D-8BF7B7451BC6} = {35580EFA-13E7-4F08-B5FB-ABBFA899B94C}
		{5255ABED-2111-497F-A94C-6AA89862D814} = {D3C4BD50-0A61-44FB-816D-8BF7B7451BC6}
		{B935DD58-18EC-4340-B236-F1DAE4509CC8} = {D3C4BD50-0A61-44FB-816D-8BF7B7451BC6}
		{99A5E4E9-DE5A-4276-AC38-FF003F19BFE6} = {1CC5CC96-5CF1-4220-8559-7E129D30C628}
		{8AF079AB-C376-41EA-BD26-2034A29B46E9} = {21F2DFCA-E474-427F-BBE3-FDF1600EA4CE}
		{EEA18F38-F27D-4E23-BE8F-9458C9248340} = {21F2DFCA-E474-427F-BBE3-FDF1600EA4CE}
		{21F2DFCA-E474-427F-BBE3-FDF1600EA4CE} = {35580EFA-13E7-4F08-B5FB-ABBFA899B94C}
	EndGlobalSection
	GlobalSection(ExtensibilityGlobals) = postSolution
		EnterpriseLibraryConfigurationToolBinariesPath = packages\Unity.2.1.505.0\lib\NET35
	EndGlobalSection
	GlobalSection(TestCaseManagementSettings) = postSolution
		CategoryFile = DevBridge.Cms31.vsmdi
	EndGlobalSection
EndGlobal
