
Microsoft Visual Studio Solution File, Format Version 12.00
# Visual Studio 14
VisualStudioVersion = 14.0.23107.0
MinimumVisualStudioVersion = 10.0.40219.1
Project("{2150E333-8FDC-42A3-9474-1A3956D46DE8}") = "src", "src", "{DF595FE4-FC11-4AB1-AD1C-26990B14D666}"
EndProject
Project("{2150E333-8FDC-42A3-9474-1A3956D46DE8}") = "Solution Items", "Solution Items", "{7A67E194-4F99-43E7-BA4F-B31BE53529FD}"
	ProjectSection(SolutionItems) = preProject
		global.json = global.json
		NuGet.Config = NuGet.Config
	EndProjectSection
EndProject
Project("{8BB2217D-0F2D-49D1-97BC-3654ED321F3B}") = "BetterCms.Core", "src\BetterCms.Core\BetterCms.Core.xproj", "{25EFB5BA-046D-4786-9B5C-179FE5023C23}"
EndProject
Project("{2150E333-8FDC-42A3-9474-1A3956D46DE8}") = "Core", "Core", "{C2538700-29ED-4384-BAFE-5FA97B1A445D}"
EndProject
Project("{8BB2217D-0F2D-49D1-97BC-3654ED321F3B}") = "BetterCms.Configuration", "src\BetterCms.Configuration\BetterCms.Configuration.xproj", "{D6FD1270-AC27-432D-B562-B46668DAF80C}"
EndProject
Project("{2150E333-8FDC-42A3-9474-1A3956D46DE8}") = "Modules", "Modules", "{ECAEF710-C05D-4E3F-82A7-537A4467CC07}"
EndProject
Project("{8BB2217D-0F2D-49D1-97BC-3654ED321F3B}") = "BetterCms.Module.Root", "src\Modules\BetterCms.Module.Root\BetterCms.Module.Root.xproj", "{6BA6618C-4A54-4E34-B0D9-7330658C1B20}"
EndProject
Global
	GlobalSection(SolutionConfigurationPlatforms) = preSolution
		Debug|Any CPU = Debug|Any CPU
		Release|Any CPU = Release|Any CPU
	EndGlobalSection
	GlobalSection(ProjectConfigurationPlatforms) = postSolution
		{25EFB5BA-046D-4786-9B5C-179FE5023C23}.Debug|Any CPU.ActiveCfg = Debug|Any CPU
		{25EFB5BA-046D-4786-9B5C-179FE5023C23}.Debug|Any CPU.Build.0 = Debug|Any CPU
		{25EFB5BA-046D-4786-9B5C-179FE5023C23}.Release|Any CPU.ActiveCfg = Release|Any CPU
		{25EFB5BA-046D-4786-9B5C-179FE5023C23}.Release|Any CPU.Build.0 = Release|Any CPU
		{D6FD1270-AC27-432D-B562-B46668DAF80C}.Debug|Any CPU.ActiveCfg = Debug|Any CPU
		{D6FD1270-AC27-432D-B562-B46668DAF80C}.Debug|Any CPU.Build.0 = Debug|Any CPU
		{D6FD1270-AC27-432D-B562-B46668DAF80C}.Release|Any CPU.ActiveCfg = Release|Any CPU
		{D6FD1270-AC27-432D-B562-B46668DAF80C}.Release|Any CPU.Build.0 = Release|Any CPU
		{6BA6618C-4A54-4E34-B0D9-7330658C1B20}.Debug|Any CPU.ActiveCfg = Debug|Any CPU
		{6BA6618C-4A54-4E34-B0D9-7330658C1B20}.Debug|Any CPU.Build.0 = Debug|Any CPU
		{6BA6618C-4A54-4E34-B0D9-7330658C1B20}.Release|Any CPU.ActiveCfg = Release|Any CPU
		{6BA6618C-4A54-4E34-B0D9-7330658C1B20}.Release|Any CPU.Build.0 = Release|Any CPU
	EndGlobalSection
	GlobalSection(SolutionProperties) = preSolution
		HideSolutionNode = FALSE
	EndGlobalSection
	GlobalSection(NestedProjects) = preSolution
		{25EFB5BA-046D-4786-9B5C-179FE5023C23} = {C2538700-29ED-4384-BAFE-5FA97B1A445D}
		{C2538700-29ED-4384-BAFE-5FA97B1A445D} = {DF595FE4-FC11-4AB1-AD1C-26990B14D666}
		{D6FD1270-AC27-432D-B562-B46668DAF80C} = {C2538700-29ED-4384-BAFE-5FA97B1A445D}
		{ECAEF710-C05D-4E3F-82A7-537A4467CC07} = {DF595FE4-FC11-4AB1-AD1C-26990B14D666}
		{6BA6618C-4A54-4E34-B0D9-7330658C1B20} = {ECAEF710-C05D-4E3F-82A7-537A4467CC07}
	EndGlobalSection
EndGlobal
